
Microsoft Visual Studio Solution File, Format Version 12.00
# Visual Studio 15
VisualStudioVersion = 15.0.27309.0
MinimumVisualStudioVersion = 10.0.40219.1
Project("{FAE04EC0-301F-11D3-BF4B-00C04F79EFBC}") = "BookishMemeWeb", "BookishMemeWeb\BookishMemeWeb.csproj", "{23BB4C92-3BC7-4FF3-9459-35F054E173FC}"
EndProject
Global
	GlobalSection(SolutionConfigurationPlatforms) = preSolution
		Debug|Any CPU = Debug|Any CPU
		Release|Any CPU = Release|Any CPU
	EndGlobalSection
	GlobalSection(ProjectConfigurationPlatforms) = postSolution
		{23BB4C92-3BC7-4FF3-9459-35F054E173FC}.Debug|Any CPU.ActiveCfg = Debug|Any CPU
		{23BB4C92-3BC7-4FF3-9459-35F054E173FC}.Debug|Any CPU.Build.0 = Debug|Any CPU
		{23BB4C92-3BC7-4FF3-9459-35F054E173FC}.Release|Any CPU.ActiveCfg = Release|Any CPU
		{23BB4C92-3BC7-4FF3-9459-35F054E173FC}.Release|Any CPU.Build.0 = Release|Any CPU
	EndGlobalSection
	GlobalSection(SolutionProperties) = preSolution
		HideSolutionNode = FALSE
	EndGlobalSection
	GlobalSection(ExtensibilityGlobals) = postSolution
		SolutionGuid = {0FB08696-1F00-4B9A-B56F-3B7CBCB186F0}
	EndGlobalSection
EndGlobal
